# Hash-pinned runtime dependencies for Issue #257.
#
# This file is consumed only by plugin/build.sh while building the package from
# an exported source tree. The Unraid host must not run pip during plugin
# installation or normal runtime.

apprise==1.12.0 \
    --hash=sha256:28edabfec5a9d5dbcd9aa28bdfd8928ecb68764e40214b6e648eab6d974b5a93
certifi==2026.6.17 \
    --hash=sha256:2227dcbaafe0d2f59279d1762ddddc37783ed4354594f194ffc31d20f41fc3db
charset-normalizer==3.4.9 \
    --hash=sha256:5e226f6218febc71f6c1fc2fafb91c226f75bdc1d8fb12d66823716e891608fd
click==8.4.2 \
    --hash=sha256:e6f9f66136c816745b9d65817da91d61d957fb16e02e4dcd0552553c5a197b76
idna==3.18 \
    --hash=sha256:7f952cbe720b688055e3f87de14f5c3e5fdaa8bc3928985c4077ca689de849a2
Markdown==3.10.2 \
    --hash=sha256:e91464b71ae3ee7afd3017d9f358ef0baf158fd9a298db92f1d4761133824c36
oauthlib==3.3.1 \
    --hash=sha256:88119c938d2b8fb88561af5f6ee0eec8cc8d552b7bb1f712743136eb7523b7a1
PyYAML==6.0.3 \
    --hash=sha256:ba1cc08a7ccde2d2ec775841541641e4548226580ab850948cbfda66a1befcdc
requests==2.34.2 \
    --hash=sha256:2a0d60c172f83ac6ab31e4554906c0f3b3588d37b5cb939b1c061f4907e278e0
requests-oauthlib==2.0.0 \
    --hash=sha256:7dd8a5c40426b779b0868c404bdef9768deccf22749cde15852df527e6269b36
urllib3==2.7.0 \
    --hash=sha256:9fb4c81ebbb1ce9531cce37674bbc6f1360472bc18ca9a553ede278ef7276897
